
Microsoft Visual Studio Solution File, Format Version 12.00
# Visual Studio Version 17
VisualStudioVersion = 17.1.32421.90
MinimumVisualStudioVersion = 10.0.40219.1
Project("{9A19103F-16F7-4668-BE54-9A1E7A4F7556}") = "PrimeFinder", "PrimeFinder\PrimeFinder.csproj", "{93FD469E-FFF2-4A4F-867C-6E7370A71C4B}"
EndProject
Project("{9A19103F-16F7-4668-BE54-9A1E7A4F7556}") = "PrimeFinder.Tests", "PrimeFinder.Tests\PrimeFinder.Tests.csproj", "{C610FD74-29D7-4B56-A7B8-C95575C38FC2}"
EndProject
Global
	GlobalSection(SolutionConfigurationPlatforms) = preSolution
		Debug|Any CPU = Debug|Any CPU
		Release|Any CPU = Release|Any CPU
	EndGlobalSection
	GlobalSection(ProjectConfigurationPlatforms) = postSolution
		{93FD469E-FFF2-4A4F-867C-6E7370A71C4B}.Debug|Any CPU.ActiveCfg = Debug|Any CPU
		{93FD469E-FFF2-4A4F-867C-6E7370A71C4B}.Debug|Any CPU.Build.0 = Debug|Any CPU
		{93FD469E-FFF2-4A4F-867C-6E7370A71C4B}.Release|Any CPU.ActiveCfg = Release|Any CPU
		{93FD469E-FFF2-4A4F-867C-6E7370A71C4B}.Release|Any CPU.Build.0 = Release|Any CPU
		{C610FD74-29D7-4B56-A7B8-C95575C38FC2}.Debug|Any CPU.ActiveCfg = Debug|Any CPU
		{C610FD74-29D7-4B56-A7B8-C95575C38FC2}.Debug|Any CPU.Build.0 = Debug|Any CPU
		{C610FD74-29D7-4B56-A7B8-C95575C38FC2}.Release|Any CPU.ActiveCfg = Release|Any CPU
		{C610FD74-29D7-4B56-A7B8-C95575C38FC2}.Release|Any CPU.Build.0 = Release|Any CPU
	EndGlobalSection
	GlobalSection(SolutionProperties) = preSolution
		HideSolutionNode = FALSE
	EndGlobalSection
	GlobalSection(ExtensibilityGlobals) = postSolution
		SolutionGuid = {A9F54845-422E-4E33-97C7-D047077D3366}
	EndGlobalSection
EndGlobal
